// !$*UTF8*$!
{
	archiveVersion = 1;
	classes = {
	};
	objectVersion = 55;
	objects = {

/* Begin PBXBuildFile section */
		84CC77502794BFF00028F588 /* AppDelegate.swift in Sources */ = {isa = PBXBuildFile; fileRef = 84CC774F2794BFF00028F588 /* AppDelegate.swift */; };
		84CC77522794BFF00028F588 /* SceneDelegate.swift in Sources */ = {isa = PBXBuildFile; fileRef = 84CC77512794BFF00028F588 /* SceneDelegate.swift */; };
		84CC77542794BFF00028F588 /* ViewController.swift in Sources */ = {isa = PBXBuildFile; fileRef = 84CC77532794BFF00028F588 /* ViewController.swift */; };
		84CC77572794BFF00028F588 /* Main.storyboard in Resources */ = {isa = PBXBuildFile; fileRef = 84CC77552794BFF00028F588 /* Main.storyboard */; };
		84CC77592794BFF50028F588 /* Assets.xcassets in Resources */ = {isa = PBXBuildFile; fileRef = 84CC77582794BFF50028F588 /* Assets.xcassets */; };
		84CC775C2794BFF50028F588 /* LaunchScreen.storyboard in Resources */ = {isa = PBXBuildFile; fileRef = 84CC775A2794BFF50028F588 /* LaunchScreen.storyboard */; };
		84CC776827985A340028F588 /* WeekdayFinder.storyboard in Resources */ = {isa = PBXBuildFile; fileRef = 84CC776727985A340028F588 /* WeekdayFinder.storyboard */; };
		84CC776A27985A970028F588 /* WeekdayFinder.swift in Sources */ = {isa = PBXBuildFile; fileRef = 84CC776927985A970028F588 /* WeekdayFinder.swift */; };
		84CC776C279864000028F588 /* TConverter.swift in Sources */ = {isa = PBXBuildFile; fileRef = 84CC776B279864000028F588 /* TConverter.swift */; };
		84CC776E279864150028F588 /* TConverter.storyboard in Resources */ = {isa = PBXBuildFile; fileRef = 84CC776D279864150028F588 /* TConverter.storyboard */; };
		84CC77732798D6280028F588 /* PassData.storyboard in Resources */ = {isa = PBXBuildFile; fileRef = 84CC77722798D6280028F588 /* PassData.storyboard */; };
		84CC77752798F2610028F588 /* PassDataFirstVC.swift in Sources */ = {isa = PBXBuildFile; fileRef = 84CC77742798F2610028F588 /* PassDataFirstVC.swift */; };
		84CC77772798F2790028F588 /* PassDataSecondVC.swift in Sources */ = {isa = PBXBuildFile; fileRef = 84CC77762798F2790028F588 /* PassDataSecondVC.swift */; };
/* End PBXBuildFile section */

/* Begin PBXFileReference section */
		84CC774C2794BFF00028F588 /* TestApp.app */ = {isa = PBXFileReference; explicitFileType = wrapper.application; includeInIndex = 0; path = TestApp.app; sourceTree = BUILT_PRODUCTS_DIR; };
		84CC774F2794BFF00028F588 /* AppDelegate.swift */ = {isa = PBXFileReference; lastKnownFileType = sourcecode.swift; path = AppDelegate.swift; sourceTree = "<group>"; };
		84CC77512794BFF00028F588 /* SceneDelegate.swift */ = {isa = PBXFileReference; lastKnownFileType = sourcecode.swift; path = SceneDelegate.swift; sourceTree = "<group>"; };
		84CC77532794BFF00028F588 /* ViewController.swift */ = {isa = PBXFileReference; lastKnownFileType = sourcecode.swift; path = ViewController.swift; sourceTree = "<group>"; };
		84CC77562794BFF00028F588 /* Base */ = {isa = PBXFileReference; lastKnownFileType = file.storyboard; name = Base; path = Base.lproj/Main.storyboard; sourceTree = "<group>"; };
		84CC77582794BFF50028F588 /* Assets.xcassets */ = {isa = PBXFileReference; lastKnownFileType = folder.assetcatalog; path = Assets.xcassets; sourceTree = "<group>"; };
		84CC775B2794BFF50028F588 /* Base */ = {isa = PBXFileReference; lastKnownFileType = file.storyboard; name = Base; path = Base.lproj/LaunchScreen.storyboard; sourceTree = "<group>"; };
		84CC775D2794BFF50028F588 /* Info.plist */ = {isa = PBXFileReference; lastKnownFileType = text.plist.xml; path = Info.plist; sourceTree = "<group>"; };
		84CC776727985A340028F588 /* WeekdayFinder.storyboard */ = {isa = PBXFileReference; lastKnownFileType = file.storyboard; path = WeekdayFinder.storyboard; sourceTree = "<group>"; };
		84CC776927985A970028F588 /* WeekdayFinder.swift */ = {isa = PBXFileReference; lastKnownFileType = sourcecode.swift; path = WeekdayFinder.swift; sourceTree = "<group>"; };
		84CC776B279864000028F588 /* TConverter.swift */ = {isa = PBXFileReference; lastKnownFileType = sourcecode.swift; path = TConverter.swift; sourceTree = "<group>"; };
		84CC776D279864150028F588 /* TConverter.storyboard */ = {isa = PBXFileReference; lastKnownFileType = file.storyboard; path = TConverter.storyboard; sourceTree = "<group>"; };
		84CC77722798D6280028F588 /* PassData.storyboard */ = {isa = PBXFileReference; lastKnownFileType = file.storyboard; path = PassData.storyboard; sourceTree = "<group>"; };
		84CC77742798F2610028F588 /* PassDataFirstVC.swift */ = {isa = PBXFileReference; lastKnownFileType = sourcecode.swift; path = PassDataFirstVC.swift; sourceTree = "<group>"; };
		84CC77762798F2790028F588 /* PassDataSecondVC.swift */ = {isa = PBXFileReference; lastKnownFileType = sourcecode.swift; path = PassDataSecondVC.swift; sourceTree = "<group>"; };
/* End PBXFileReference section */

/* Begin PBXFrameworksBuildPhase section */
		84CC77492794BFF00028F588 /* Frameworks */ = {
			isa = PBXFrameworksBuildPhase;
			buildActionMask = 2147483647;
			files = (
			);
			runOnlyForDeploymentPostprocessing = 0;
		};
/* End PBXFrameworksBuildPhase section */

/* Begin PBXGroup section */
		84CC77432794BFF00028F588 = {
			isa = PBXGroup;
			children = (
				84CC774E2794BFF00028F588 /* TestApp */,
				84CC774D2794BFF00028F588 /* Products */,
			);
			sourceTree = "<group>";
		};
		84CC774D2794BFF00028F588 /* Products */ = {
			isa = PBXGroup;
			children = (
				84CC774C2794BFF00028F588 /* TestApp.app */,
			);
			name = Products;
			sourceTree = "<group>";
		};
		84CC774E2794BFF00028F588 /* TestApp */ = {
			isa = PBXGroup;
			children = (
				84CC77632794C0420028F588 /* AppDelegate */,
				84CC77642794C14F0028F588 /* Controllers */,
				84CC77652794C1650028F588 /* Views */,
				84CC77662794C1880028F588 /* Sources */,
				84CC775D2794BFF50028F588 /* Info.plist */,
			);
			path = TestApp;
			sourceTree = "<group>";
		};
		84CC77632794C0420028F588 /* AppDelegate */ = {
			isa = PBXGroup;
			children = (
				84CC774F2794BFF00028F588 /* AppDelegate.swift */,
				84CC77512794BFF00028F588 /* SceneDelegate.swift */,
			);
			path = AppDelegate;
			sourceTree = "<group>";
		};
		84CC77642794C14F0028F588 /* Controllers */ = {
			isa = PBXGroup;
			children = (
				84CC77712798D5730028F588 /* PassData */,
				84CC77702798D5600028F588 /* T-Converter */,
				84CC776F2798D5490028F588 /* WeekdayFinder */,
				84CC77532794BFF00028F588 /* ViewController.swift */,
			);
			path = Controllers;
			sourceTree = "<group>";
		};
		84CC77652794C1650028F588 /* Views */ = {
			isa = PBXGroup;
			children = (
				84CC77722798D6280028F588 /* PassData.storyboard */,
				84CC776D279864150028F588 /* TConverter.storyboard */,
				84CC776727985A340028F588 /* WeekdayFinder.storyboard */,
				84CC77552794BFF00028F588 /* Main.storyboard */,
				84CC775A2794BFF50028F588 /* LaunchScreen.storyboard */,
			);
			path = Views;
			sourceTree = "<group>";
		};
		84CC77662794C1880028F588 /* Sources */ = {
			isa = PBXGroup;
			children = (
				84CC77582794BFF50028F588 /* Assets.xcassets */,
			);
			path = Sources;
			sourceTree = "<group>";
		};
		84CC776F2798D5490028F588 /* WeekdayFinder */ = {
			isa = PBXGroup;
			children = (
				84CC776927985A970028F588 /* WeekdayFinder.swift */,
			);
			path = WeekdayFinder;
			sourceTree = "<group>";
		};
		84CC77702798D5600028F588 /* T-Converter */ = {
			isa = PBXGroup;
			children = (
				84CC776B279864000028F588 /* TConverter.swift */,
			);
			path = "T-Converter";
			sourceTree = "<group>";
		};
		84CC77712798D5730028F588 /* PassData */ = {
			isa = PBXGroup;
			children = (
				84CC77742798F2610028F588 /* PassDataFirstVC.swift */,
				84CC77762798F2790028F588 /* PassDataSecondVC.swift */,
			);
			path = PassData;
			sourceTree = "<group>";
		};
/* End PBXGroup section */

/* Begin PBXNativeTarget section */
		84CC774B2794BFF00028F588 /* TestApp */ = {
			isa = PBXNativeTarget;
			buildConfigurationList = 84CC77602794BFF50028F588 /* Build configuration list for PBXNativeTarget "TestApp" */;
			buildPhases = (
				84CC77482794BFF00028F588 /* Sources */,
				84CC77492794BFF00028F588 /* Frameworks */,
				84CC774A2794BFF00028F588 /* Resources */,
			);
			buildRules = (
			);
			dependencies = (
			);
			name = TestApp;
			productName = TestApp;
			productReference = 84CC774C2794BFF00028F588 /* TestApp.app */;
			productType = "com.apple.product-type.application";
		};
/* End PBXNativeTarget section */

/* Begin PBXProject section */
		84CC77442794BFF00028F588 /* Project object */ = {
			isa = PBXProject;
			attributes = {
				BuildIndependentTargetsInParallel = 1;
				LastSwiftUpdateCheck = 1300;
				LastUpgradeCheck = 1300;
				TargetAttributes = {
					84CC774B2794BFF00028F588 = {
						CreatedOnToolsVersion = 13.0;
					};
				};
			};
			buildConfigurationList = 84CC77472794BFF00028F588 /* Build configuration list for PBXProject "TestApp" */;
			compatibilityVersion = "Xcode 13.0";
			developmentRegion = en;
			hasScannedForEncodings = 0;
			knownRegions = (
				en,
				Base,
			);
			mainGroup = 84CC77432794BFF00028F588;
			productRefGroup = 84CC774D2794BFF00028F588 /* Products */;
			projectDirPath = "";
			projectRoot = "";
			targets = (
				84CC774B2794BFF00028F588 /* TestApp */,
			);
		};
/* End PBXProject section */

/* Begin PBXResourcesBuildPhase section */
		84CC774A2794BFF00028F588 /* Resources */ = {
			isa = PBXResourcesBuildPhase;
			buildActionMask = 2147483647;
			files = (
				84CC775C2794BFF50028F588 /* LaunchScreen.storyboard in Resources */,
				84CC77732798D6280028F588 /* PassData.storyboard in Resources */,
				84CC776E279864150028F588 /* TConverter.storyboard in Resources */,
				84CC776827985A340028F588 /* WeekdayFinder.storyboard in Resources */,
				84CC77592794BFF50028F588 /* Assets.xcassets in Resources */,
				84CC77572794BFF00028F588 /* Main.storyboard in Resources */,
			);
			runOnlyForDeploymentPostprocessing = 0;
		};
/* End PBXResourcesBuildPhase section */

/* Begin PBXSourcesBuildPhase section */
		84CC77482794BFF00028F588 /* Sources */ = {
			isa = PBXSourcesBuildPhase;
			buildActionMask = 2147483647;
			files = (
				84CC77752798F2610028F588 /* PassDataFirstVC.swift in Sources */,
				84CC776A27985A970028F588 /* WeekdayFinder.swift in Sources */,
				84CC776C279864000028F588 /* TConverter.swift in Sources */,
				84CC77542794BFF00028F588 /* ViewController.swift in Sources */,
				84CC77502794BFF00028F588 /* AppDelegate.swift in Sources */,
				84CC77772798F2790028F588 /* PassDataSecondVC.swift in Sources */,
				84CC77522794BFF00028F588 /* SceneDelegate.swift in Sources */,
			);
			runOnlyForDeploymentPostprocessing = 0;
		};
/* End PBXSourcesBuildPhase section */

/* Begin PBXVariantGroup section */
		84CC77552794BFF00028F588 /* Main.storyboard */ = {
			isa = PBXVariantGroup;
			children = (
				84CC77562794BFF00028F588 /* Base */,
			);
			name = Main.storyboard;
			sourceTree = "<group>";
		};
		84CC775A2794BFF50028F588 /* LaunchScreen.storyboard */ = {
			isa = PBXVariantGroup;
			children = (
				84CC775B2794BFF50028F588 /* Base */,
			);
			name = LaunchScreen.storyboard;
			sourceTree = "<group>";
		};
/* End PBXVariantGroup section */

/* Begin XCBuildConfiguration section */
		84CC775E2794BFF50028F588 /* Debug */ = {
			isa = XCBuildConfiguration;
			buildSettings = {
				ALWAYS_SEARCH_USER_PATHS = NO;
				CLANG_ANALYZER_NONNULL = YES;
				CLANG_ANALYZER_NUMBER_OBJECT_CONVERSION = YES_AGGRESSIVE;
				CLANG_CXX_LANGUAGE_STANDARD = "gnu++17";
				CLANG_CXX_LIBRARY = "libc++";
				CLANG_ENABLE_MODULES = YES;
				CLANG_ENABLE_OBJC_ARC = YES;
				CLANG_ENABLE_OBJC_WEAK = YES;
				CLANG_WARN_BLOCK_CAPTURE_AUTORELEASING = YES;
				CLANG_WARN_BOOL_CONVERSION = YES;
				CLANG_WARN_COMMA = YES;
				CLANG_WARN_CONSTANT_CONVERSION = YES;
				CLANG_WARN_DEPRECATED_OBJC_IMPLEMENTATIONS = YES;
				CLANG_WARN_DIRECT_OBJC_ISA_USAGE = YES_ERROR;
				CLANG_WARN_DOCUMENTATION_COMMENTS = YES;
				CLANG_WARN_EMPTY_BODY = YES;
				CLANG_WARN_ENUM_CONVERSION = YES;
				CLANG_WARN_INFINITE_RECURSION = YES;
				CLANG_WARN_INT_CONVERSION = YES;
				CLANG_WARN_NON_LITERAL_NULL_CONVERSION = YES;
				CLANG_WARN_OBJC_IMPLICIT_RETAIN_SELF = YES;
				CLANG_WARN_OBJC_LITERAL_CONVERSION = YES;
				CLANG_WARN_OBJC_ROOT_CLASS = YES_ERROR;
				CLANG_WARN_QUOTED_INCLUDE_IN_FRAMEWORK_HEADER = YES;
				CLANG_WARN_RANGE_LOOP_ANALYSIS = YES;
				CLANG_WARN_STRICT_PROTOTYPES = YES;
				CLANG_WARN_SUSPICIOUS_MOVE = YES;
				CLANG_WARN_UNGUARDED_AVAILABILITY = YES_AGGRESSIVE;
				CLANG_WARN_UNREACHABLE_CODE = YES;
				CLANG_WARN__DUPLICATE_METHOD_MATCH = YES;
				COPY_PHASE_STRIP = NO;
				DEBUG_INFORMATION_FORMAT = dwarf;
				ENABLE_STRICT_OBJC_MSGSEND = YES;
				ENABLE_TESTABILITY = YES;
				GCC_C_LANGUAGE_STANDARD = gnu11;
				GCC_DYNAMIC_NO_PIC = NO;
				GCC_NO_COMMON_BLOCKS = YES;
				GCC_OPTIMIZATION_LEVEL = 0;
				GCC_PREPROCESSOR_DEFINITIONS = (
					"DEBUG=1",
					"$(inherited)",
				);
				GCC_WARN_64_TO_32_BIT_CONVERSION = YES;
				GCC_WARN_ABOUT_RETURN_TYPE = YES_ERROR;
				GCC_WARN_UNDECLARED_SELECTOR = YES;
				GCC_WARN_UNINITIALIZED_AUTOS = YES_AGGRESSIVE;
				GCC_WARN_UNUSED_FUNCTION = YES;
				GCC_WARN_UNUSED_VARIABLE = YES;
				IPHONEOS_DEPLOYMENT_TARGET = 15.0;
				MTL_ENABLE_DEBUG_INFO = INCLUDE_SOURCE;
				MTL_FAST_MATH = YES;
				ONLY_ACTIVE_ARCH = YES;
				SDKROOT = iphoneos;
				SWIFT_ACTIVE_COMPILATION_CONDITIONS = DEBUG;
				SWIFT_OPTIMIZATION_LEVEL = "-Onone";
			};
			name = Debug;
		};
		84CC775F2794BFF50028F588 /* Release */ = {
			isa = XCBuildConfiguration;
			buildSettings = {
				ALWAYS_SEARCH_USER_PATHS = NO;
				CLANG_ANALYZER_NONNULL = YES;
				CLANG_ANALYZER_NUMBER_OBJECT_CONVERSION = YES_AGGRESSIVE;
				CLANG_CXX_LANGUAGE_STANDARD = "gnu++17";
				CLANG_CXX_LIBRARY = "libc++";
				CLANG_ENABLE_MODULES = YES;
				CLANG_ENABLE_OBJC_ARC = YES;
				CLANG_ENABLE_OBJC_WEAK = YES;
				CLANG_WARN_BLOCK_CAPTURE_AUTORELEASING = YES;
				CLANG_WARN_BOOL_CONVERSION = YES;
				CLANG_WARN_COMMA = YES;
				CLANG_WARN_CONSTANT_CONVERSION = YES;
				CLANG_WARN_DEPRECATED_OBJC_IMPLEMENTATIONS = YES;
				CLANG_WARN_DIRECT_OBJC_ISA_USAGE = YES_ERROR;
				CLANG_WARN_DOCUMENTATION_COMMENTS = YES;
				CLANG_WARN_EMPTY_BODY = YES;
				CLANG_WARN_ENUM_CONVERSION = YES;
				CLANG_WARN_INFINITE_RECURSION = YES;
				CLANG_WARN_INT_CONVERSION = YES;
				CLANG_WARN_NON_LITERAL_NULL_CONVERSION = YES;
				CLANG_WARN_OBJC_IMPLICIT_RETAIN_SELF = YES;
				CLANG_WARN_OBJC_LITERAL_CONVERSION = YES;
				CLANG_WARN_OBJC_ROOT_CLASS = YES_ERROR;
				CLANG_WARN_QUOTED_INCLUDE_IN_FRAMEWORK_HEADER = YES;
				CLANG_WARN_RANGE_LOOP_ANALYSIS = YES;
				CLANG_WARN_STRICT_PROTOTYPES = YES;
				CLANG_WARN_SUSPICIOUS_MOVE = YES;
				CLANG_WARN_UNGUARDED_AVAILABILITY = YES_AGGRESSIVE;
				CLANG_WARN_UNREACHABLE_CODE = YES;
				CLANG_WARN__DUPLICATE_METHOD_MATCH = YES;
				COPY_PHASE_STRIP = NO;
				DEBUG_INFORMATION_FORMAT = "dwarf-with-dsym";
				ENABLE_NS_ASSERTIONS = NO;
				ENABLE_STRICT_OBJC_MSGSEND = YES;
				GCC_C_LANGUAGE_STANDARD = gnu11;
				GCC_NO_COMMON_BLOCKS = YES;
				GCC_WARN_64_TO_32_BIT_CONVERSION = YES;
				GCC_WARN_ABOUT_RETURN_TYPE = YES_ERROR;
				GCC_WARN_UNDECLARED_SELECTOR = YES;
				GCC_WARN_UNINITIALIZED_AUTOS = YES_AGGRESSIVE;
				GCC_WARN_UNUSED_FUNCTION = YES;
				GCC_WARN_UNUSED_VARIABLE = YES;
				IPHONEOS_DEPLOYMENT_TARGET = 15.0;
				MTL_ENABLE_DEBUG_INFO = NO;
				MTL_FAST_MATH = YES;
				SDKROOT = iphoneos;
				SWIFT_COMPILATION_MODE = wholemodule;
				SWIFT_OPTIMIZATION_LEVEL = "-O";
				VALIDATE_PRODUCT = YES;
			};
			name = Release;
		};
		84CC77612794BFF50028F588 /* Debug */ = {
			isa = XCBuildConfiguration;
			buildSettings = {
				ASSETCATALOG_COMPILER_APPICON_NAME = AppIcon;
				ASSETCATALOG_COMPILER_GLOBAL_ACCENT_COLOR_NAME = AccentColor;
				CODE_SIGN_STYLE = Automatic;
				CURRENT_PROJECT_VERSION = 1;
				DEVELOPMENT_TEAM = 28KY97ZH9V;
				GENERATE_INFOPLIST_FILE = YES;
				INFOPLIST_FILE = TestApp/Info.plist;
				INFOPLIST_KEY_UIApplicationSupportsIndirectInputEvents = YES;
				INFOPLIST_KEY_UILaunchStoryboardName = LaunchScreen;
				INFOPLIST_KEY_UIMainStoryboardFile = Main;
				INFOPLIST_KEY_UISupportedInterfaceOrientations = UIInterfaceOrientationPortrait;
				INFOPLIST_KEY_UISupportedInterfaceOrientations_iPad = "UIInterfaceOrientationPortrait UIInterfaceOrientationPortraitUpsideDown UIInterfaceOrientationLandscapeLeft UIInterfaceOrientationLandscapeRight";
				INFOPLIST_KEY_UISupportedInterfaceOrientations_iPhone = "UIInterfaceOrientationPortrait UIInterfaceOrientationLandscapeLeft UIInterfaceOrientationLandscapeRight";
				LD_RUNPATH_SEARCH_PATHS = (
					"$(inherited)",
					"@executable_path/Frameworks",
				);
				MARKETING_VERSION = 1.0;
				PRODUCT_BUNDLE_IDENTIFIER = "Yana-Golodyuk.TestApp";
				PRODUCT_NAME = "$(TARGET_NAME)";
				SWIFT_EMIT_LOC_STRINGS = YES;
				SWIFT_VERSION = 5.0;
				TARGETED_DEVICE_FAMILY = "1,2";
			};
			name = Debug;
		};
		84CC77622794BFF50028F588 /* Release */ = {
			isa = XCBuildConfiguration;
			buildSettings = {
				ASSETCATALOG_COMPILER_APPICON_NAME = AppIcon;
				ASSETCATALOG_COMPILER_GLOBAL_ACCENT_COLOR_NAME = AccentColor;
				CODE_SIGN_STYLE = Automatic;
				CURRENT_PROJECT_VERSION = 1;
				DEVELOPMENT_TEAM = 28KY97ZH9V;
				GENERATE_INFOPLIST_FILE = YES;
				INFOPLIST_FILE = TestApp/Info.plist;
				INFOPLIST_KEY_UIApplicationSupportsIndirectInputEvents = YES;
				INFOPLIST_KEY_UILaunchStoryboardName = LaunchScreen;
				INFOPLIST_KEY_UIMainStoryboardFile = Main;
				INFOPLIST_KEY_UISupportedInterfaceOrientations = UIInterfaceOrientationPortrait;
				INFOPLIST_KEY_UISupportedInterfaceOrientations_iPad = "UIInterfaceOrientationPortrait UIInterfaceOrientationPortraitUpsideDown UIInterfaceOrientationLandscapeLeft UIInterfaceOrientationLandscapeRight";
				INFOPLIST_KEY_UISupportedInterfaceOrientations_iPhone = "UIInterfaceOrientationPortrait UIInterfaceOrientationLandscapeLeft UIInterfaceOrientationLandscapeRight";
				LD_RUNPATH_SEARCH_PATHS = (
					"$(inherited)",
					"@executable_path/Frameworks",
				);
				MARKETING_VERSION = 1.0;
				PRODUCT_BUNDLE_IDENTIFIER = "Yana-Golodyuk.TestApp";
				PRODUCT_NAME = "$(TARGET_NAME)";
				SWIFT_EMIT_LOC_STRINGS = YES;
				SWIFT_VERSION = 5.0;
				TARGETED_DEVICE_FAMILY = "1,2";
			};
			name = Release;
		};
/* End XCBuildConfiguration section */

/* Begin XCConfigurationList section */
		84CC77472794BFF00028F588 /* Build configuration list for PBXProject "TestApp" */ = {
			isa = XCConfigurationList;
			buildConfigurations = (
				84CC775E2794BFF50028F588 /* Debug */,
				84CC775F2794BFF50028F588 /* Release */,
			);
			defaultConfigurationIsVisible = 0;
			defaultConfigurationName = Release;
		};
		84CC77602794BFF50028F588 /* Build configuration list for PBXNativeTarget "TestApp" */ = {
			isa = XCConfigurationList;
			buildConfigurations = (
				84CC77612794BFF50028F588 /* Debug */,
				84CC77622794BFF50028F588 /* Release */,
			);
			defaultConfigurationIsVisible = 0;
			defaultConfigurationName = Release;
		};
/* End XCConfigurationList section */
	};
	rootObject = 84CC77442794BFF00028F588 /* Project object */;
}
